{
  "version": 2,
  "dependencies": {
    "native,Version=v0.0": {
      "WixToolset.UI.wixext": {
        "type": "Direct",
        "requested": "[4.0.5, )",
        "resolved": "4.0.5",
        "contentHash": "9j0qQ0cZ6GdI5bdYPHuhafqmrhbHKoni1zIqv3hPBdLt4YK5xhQJavTpwRdb1FwrW9KIi5ItI3RkTet41v/97A=="
      },
      "WixToolset.Util.wixext": {
        "type": "Direct",
        "requested": "[4.0.5, )",
        "resolved": "4.0.5",
        "contentHash": "56tA3Dt0DiAVgg0SeFmWXuIs6LxUZ4gPgbc22LysPhjRKo0dtPcXufDcIXTop0iI5ZMy5K5FtqIXosO0MrhIeQ=="
      }
    }
  }
}